<?xml version="1.0" encoding="utf-8"?>
<Project ToolsVersion="4.0" xmlns="http://schemas.microsoft.com/developer/msbuild/2003">
  <ItemGroup>
    <Filter Include="win32">
      <UniqueIdentifier>{84a8ebd7-7cf0-47f6-b75e-d441df67da40}</UniqueIdentifier>
    </Filter>
    <Filter Include="resource">
      <UniqueIdentifier>{715254bc-d70b-4ec5-bf29-467dd3ace079}</UniqueIdentifier>
    </Filter>
    <Filter Include="src">
      <UniqueIdentifier>{bb6c862e-70e9-49d9-81b7-3829a6f50471}</UniqueIdentifier>
    </Filter>
    <Filter Include="Scenes">
      <UniqueIdentifier>{d0794aef-fe15-4a91-97b8-9fd4fbab616d}</UniqueIdentifier>
    </Filter>
    <Filter Include="Layers">
      <UniqueIdentifier>{7d710e9a-f6d2-4830-b9bd-410fa141d048}</UniqueIdentifier>
    </Filter>
    <Filter Include="Player">
      <UniqueIdentifier>{848b351a-f0b2-46d0-b712-739f4119f32f}</UniqueIdentifier>
    </Filter>
    <Filter Include="Enemy">
      <UniqueIdentifier>{1e540414-64d0-480b-8256-1a78fbc903e3}</UniqueIdentifier>
    </Filter>
  </ItemGroup>
  <ItemGroup>
    <ClCompile Include="main.cpp">
      <Filter>win32</Filter>
    </ClCompile>
    <ClCompile Include="..\Classes\AppDelegate.cpp">
      <Filter>src</Filter>
    </ClCompile>
    <ClCompile Include="..\Classes\HelloWorldScene.cpp">
      <Filter>src</Filter>
    </ClCompile>
    <ClCompile Include="..\Classes\Scenes\MainScene.cpp">
      <Filter>Scenes</Filter>
    </ClCompile>
    <ClCompile Include="..\Classes\Layers\ShopMenu.cpp">
      <Filter>Layers</Filter>
    </ClCompile>
    <ClCompile Include="..\Classes\Utils.cpp" />
    <ClCompile Include="..\Classes\Layers\UpgradesMenu.cpp">
      <Filter>Layers</Filter>
    </ClCompile>
    <ClCompile Include="..\Classes\Layers\BoostersMenu.cpp">
      <Filter>Layers</Filter>
    </ClCompile>
    <ClCompile Include="..\Classes\Enemy.cpp">
      <Filter>Enemy</Filter>
    </ClCompile>
    <ClCompile Include="..\Classes\Player\Currency.cpp">
      <Filter>Player</Filter>
    </ClCompile>
    <ClCompile Include="..\Classes\Player\Data.cpp">
      <Filter>Player</Filter>
    </ClCompile>
  </ItemGroup>
  <ItemGroup>
    <ClInclude Include="main.h">
      <Filter>win32</Filter>
    </ClInclude>
    <ClInclude Include="..\Classes\AppDelegate.h">
      <Filter>src</Filter>
    </ClInclude>
    <ClInclude Include="..\Classes\HelloWorldScene.h">
      <Filter>src</Filter>
    </ClInclude>
    <ClInclude Include="..\Classes\Scenes\MainScene.h">
      <Filter>Scenes</Filter>
    </ClInclude>
    <ClInclude Include="..\Classes\Layers\ShopMenu.h">
      <Filter>Layers</Filter>
    </ClInclude>
    <ClInclude Include="..\Classes\Utils.h" />
    <ClInclude Include="..\Classes\Layers\UpgradesMenu.h">
      <Filter>Layers</Filter>
    </ClInclude>
    <ClInclude Include="..\Classes\Layers\BoostersMenu.h">
      <Filter>Layers</Filter>
    </ClInclude>
    <ClInclude Include="..\Classes\Enemy.h">
      <Filter>Enemy</Filter>
    </ClInclude>
    <ClInclude Include="..\Classes\Player\Currency.h">
      <Filter>Player</Filter>
    </ClInclude>
    <ClInclude Include="..\Classes\Macros.h" />
    <ClInclude Include="..\Classes\Player\Data.h">
      <Filter>Player</Filter>
    </ClInclude>
  </ItemGroup>
  <ItemGroup>
    <ResourceCompile Include="game.rc">
      <Filter>resource</Filter>
    </ResourceCompile>
  </ItemGroup>
  <ItemGroup>
    <None Include="packages.config" />
  </ItemGroup>
</Project>